
Microsoft Visual Studio Solution File, Format Version 12.00
# Visual Studio 14
VisualStudioVersion = 14.0.23107.0
MinimumVisualStudioVersion = 10.0.40219.1
Project("{FAE04EC0-301F-11D3-BF4B-00C04F79EFBC}") = "DataLift", "DataLift\DataLift.csproj", "{AD4D1432-B398-427C-9AEF-2030E131B753}"
EndProject
Project("{2150E333-8FDC-42A3-9474-1A3956D46DE8}") = "CommonResources", "CommonResources", "{6C958F50-1AA7-4533-84C0-F8464D776FD4}"
	ProjectSection(SolutionItems) = preProject
		GlobalAssemblyInfo.cs = GlobalAssemblyInfo.cs
	EndProjectSection
EndProject
Project("{FAE04EC0-301F-11D3-BF4B-00C04F79EFBC}") = "RackDataStreamer", "RackDataStreamer\RackDataStreamer.csproj", "{67CAE4B3-6B8B-424D-871E-960AB41C4152}"
EndProject
Global
	GlobalSection(SolutionConfigurationPlatforms) = preSolution
		Debug|Any CPU = Debug|Any CPU
		Release|Any CPU = Release|Any CPU
	EndGlobalSection
	GlobalSection(ProjectConfigurationPlatforms) = postSolution
		{AD4D1432-B398-427C-9AEF-2030E131B753}.Debug|Any CPU.ActiveCfg = Debug|Any CPU
		{AD4D1432-B398-427C-9AEF-2030E131B753}.Debug|Any CPU.Build.0 = Debug|Any CPU
		{AD4D1432-B398-427C-9AEF-2030E131B753}.Release|Any CPU.ActiveCfg = Release|Any CPU
		{AD4D1432-B398-427C-9AEF-2030E131B753}.Release|Any CPU.Build.0 = Release|Any CPU
		{67CAE4B3-6B8B-424D-871E-960AB41C4152}.Debug|Any CPU.ActiveCfg = Debug|Any CPU
		{67CAE4B3-6B8B-424D-871E-960AB41C4152}.Debug|Any CPU.Build.0 = Debug|Any CPU
		{67CAE4B3-6B8B-424D-871E-960AB41C4152}.Release|Any CPU.ActiveCfg = Release|Any CPU
		{67CAE4B3-6B8B-424D-871E-960AB41C4152}.Release|Any CPU.Build.0 = Release|Any CPU
	EndGlobalSection
	GlobalSection(SolutionProperties) = preSolution
		HideSolutionNode = FALSE
	EndGlobalSection
EndGlobal
