
Microsoft Visual Studio Solution File, Format Version 12.00
# Visual Studio 15
VisualStudioVersion = 15.0.26730.16
MinimumVisualStudioVersion = 10.0.40219.1
Project("{FAE04EC0-301F-11D3-BF4B-00C04F79EFBC}") = "TheRack.ResourceServer.API", "TheRack.ResourceServer.API\TheRack.ResourceServer.API.csproj", "{6F3B5FB0-38F3-4377-B4CC-49E41DEEFB49}"
EndProject
Project("{FAE04EC0-301F-11D3-BF4B-00C04F79EFBC}") = "TheRack.Repository", "TheRack.Repository\TheRack.Repository.csproj", "{464AF725-BB45-4809-8080-F7F9AE5CB658}"
EndProject
Project("{FAE04EC0-301F-11D3-BF4B-00C04F79EFBC}") = "TheRack.DomainModel", "TheRack.DomainModel\TheRack.DomainModel.csproj", "{08FE50C9-8468-47DD-A20B-F92C94742F8D}"
EndProject
Project("{FAE04EC0-301F-11D3-BF4B-00C04F79EFBC}") = "TheRack.DataAccess", "TheRack.DataAccess\TheRack.DataAccess.csproj", "{4409E36D-EA1F-4D5C-9B65-A4D980181369}"
EndProject
Global
	GlobalSection(SolutionConfigurationPlatforms) = preSolution
		Debug|Any CPU = Debug|Any CPU
		Release|Any CPU = Release|Any CPU
	EndGlobalSection
	GlobalSection(ProjectConfigurationPlatforms) = postSolution
		{6F3B5FB0-38F3-4377-B4CC-49E41DEEFB49}.Debug|Any CPU.ActiveCfg = Debug|Any CPU
		{6F3B5FB0-38F3-4377-B4CC-49E41DEEFB49}.Debug|Any CPU.Build.0 = Debug|Any CPU
		{6F3B5FB0-38F3-4377-B4CC-49E41DEEFB49}.Release|Any CPU.ActiveCfg = Release|Any CPU
		{6F3B5FB0-38F3-4377-B4CC-49E41DEEFB49}.Release|Any CPU.Build.0 = Release|Any CPU
		{464AF725-BB45-4809-8080-F7F9AE5CB658}.Debug|Any CPU.ActiveCfg = Debug|Any CPU
		{464AF725-BB45-4809-8080-F7F9AE5CB658}.Debug|Any CPU.Build.0 = Debug|Any CPU
		{464AF725-BB45-4809-8080-F7F9AE5CB658}.Release|Any CPU.ActiveCfg = Release|Any CPU
		{464AF725-BB45-4809-8080-F7F9AE5CB658}.Release|Any CPU.Build.0 = Release|Any CPU
		{08FE50C9-8468-47DD-A20B-F92C94742F8D}.Debug|Any CPU.ActiveCfg = Debug|Any CPU
		{08FE50C9-8468-47DD-A20B-F92C94742F8D}.Debug|Any CPU.Build.0 = Debug|Any CPU
		{08FE50C9-8468-47DD-A20B-F92C94742F8D}.Release|Any CPU.ActiveCfg = Release|Any CPU
		{08FE50C9-8468-47DD-A20B-F92C94742F8D}.Release|Any CPU.Build.0 = Release|Any CPU
		{4409E36D-EA1F-4D5C-9B65-A4D980181369}.Debug|Any CPU.ActiveCfg = Debug|Any CPU
		{4409E36D-EA1F-4D5C-9B65-A4D980181369}.Debug|Any CPU.Build.0 = Debug|Any CPU
		{4409E36D-EA1F-4D5C-9B65-A4D980181369}.Release|Any CPU.ActiveCfg = Release|Any CPU
		{4409E36D-EA1F-4D5C-9B65-A4D980181369}.Release|Any CPU.Build.0 = Release|Any CPU
	EndGlobalSection
	GlobalSection(SolutionProperties) = preSolution
		HideSolutionNode = FALSE
	EndGlobalSection
	GlobalSection(ExtensibilityGlobals) = postSolution
		SolutionGuid = {ADE2435B-1100-4600-8FB0-56156F390D01}
	EndGlobalSection
EndGlobal
