
Microsoft Visual Studio Solution File, Format Version 12.00
# Visual Studio 15
VisualStudioVersion = 15.0.26730.16
MinimumVisualStudioVersion = 10.0.40219.1
Project("{9A19103F-16F7-4668-BE54-9A1E7A4F7556}") = "TheRack.ResourceServer.API", "TheRack.ResourceServer.API\TheRack.ResourceServer.API.csproj", "{6F3B5FB0-38F3-4377-B4CC-49E41DEEFB49}"
EndProject
Project("{9A19103F-16F7-4668-BE54-9A1E7A4F7556}") = "TheRack.Repository", "TheRack.Repository\TheRack.Repository.csproj", "{464AF725-BB45-4809-8080-F7F9AE5CB658}"
EndProject
Project("{9A19103F-16F7-4668-BE54-9A1E7A4F7556}") = "TheRack.DomainModel", "TheRack.DomainModel\TheRack.DomainModel.csproj", "{08FE50C9-8468-47DD-A20B-F92C94742F8D}"
EndProject
Project("{9A19103F-16F7-4668-BE54-9A1E7A4F7556}") = "TheRack.DataAccess", "TheRack.DataAccess\TheRack.DataAccess.csproj", "{4409E36D-EA1F-4D5C-9B65-A4D980181369}"
EndProject
Project("{FAE04EC0-301F-11D3-BF4B-00C04F79EFBC}") = "TheRack.DataTransfer", "TheRack.DataTransfer\TheRack.DataTransfer.csproj", "{23C71A2E-3C6B-4BF1-A63C-A2F3728D95DA}"
EndProject
Project("{FAE04EC0-301F-11D3-BF4B-00C04F79EFBC}") = "TheRack.DataAdapter", "TheRack.DataAdapter\TheRack.DataAdapter.csproj", "{443CB6ED-EFDF-4E8B-BDCE-0BE84AF08B81}"
EndProject
Project("{FAE04EC0-301F-11D3-BF4B-00C04F79EFBC}") = "TheRack.PlayGround", "TheRack.PlayGround\TheRack.PlayGround.csproj", "{32103FB6-08EE-4138-B602-85F3D044CCBC}"
EndProject
Global
	GlobalSection(SolutionConfigurationPlatforms) = preSolution
		Debug|Any CPU = Debug|Any CPU
		Release|Any CPU = Release|Any CPU
	EndGlobalSection
	GlobalSection(ProjectConfigurationPlatforms) = postSolution
		{6F3B5FB0-38F3-4377-B4CC-49E41DEEFB49}.Debug|Any CPU.ActiveCfg = Debug|Any CPU
		{6F3B5FB0-38F3-4377-B4CC-49E41DEEFB49}.Debug|Any CPU.Build.0 = Debug|Any CPU
		{6F3B5FB0-38F3-4377-B4CC-49E41DEEFB49}.Release|Any CPU.ActiveCfg = Release|Any CPU
		{6F3B5FB0-38F3-4377-B4CC-49E41DEEFB49}.Release|Any CPU.Build.0 = Release|Any CPU
		{464AF725-BB45-4809-8080-F7F9AE5CB658}.Debug|Any CPU.ActiveCfg = Debug|Any CPU
		{464AF725-BB45-4809-8080-F7F9AE5CB658}.Debug|Any CPU.Build.0 = Debug|Any CPU
		{464AF725-BB45-4809-8080-F7F9AE5CB658}.Release|Any CPU.ActiveCfg = Release|Any CPU
		{464AF725-BB45-4809-8080-F7F9AE5CB658}.Release|Any CPU.Build.0 = Release|Any CPU
		{08FE50C9-8468-47DD-A20B-F92C94742F8D}.Debug|Any CPU.ActiveCfg = Debug|Any CPU
		{08FE50C9-8468-47DD-A20B-F92C94742F8D}.Debug|Any CPU.Build.0 = Debug|Any CPU
		{08FE50C9-8468-47DD-A20B-F92C94742F8D}.Release|Any CPU.ActiveCfg = Release|Any CPU
		{08FE50C9-8468-47DD-A20B-F92C94742F8D}.Release|Any CPU.Build.0 = Release|Any CPU
		{4409E36D-EA1F-4D5C-9B65-A4D980181369}.Debug|Any CPU.ActiveCfg = Debug|Any CPU
		{4409E36D-EA1F-4D5C-9B65-A4D980181369}.Debug|Any CPU.Build.0 = Debug|Any CPU
		{4409E36D-EA1F-4D5C-9B65-A4D980181369}.Release|Any CPU.ActiveCfg = Release|Any CPU
		{4409E36D-EA1F-4D5C-9B65-A4D980181369}.Release|Any CPU.Build.0 = Release|Any CPU
		{23C71A2E-3C6B-4BF1-A63C-A2F3728D95DA}.Debug|Any CPU.ActiveCfg = Debug|Any CPU
		{23C71A2E-3C6B-4BF1-A63C-A2F3728D95DA}.Debug|Any CPU.Build.0 = Debug|Any CPU
		{23C71A2E-3C6B-4BF1-A63C-A2F3728D95DA}.Release|Any CPU.ActiveCfg = Release|Any CPU
		{23C71A2E-3C6B-4BF1-A63C-A2F3728D95DA}.Release|Any CPU.Build.0 = Release|Any CPU
		{443CB6ED-EFDF-4E8B-BDCE-0BE84AF08B81}.Debug|Any CPU.ActiveCfg = Debug|Any CPU
		{443CB6ED-EFDF-4E8B-BDCE-0BE84AF08B81}.Debug|Any CPU.Build.0 = Debug|Any CPU
		{443CB6ED-EFDF-4E8B-BDCE-0BE84AF08B81}.Release|Any CPU.ActiveCfg = Release|Any CPU
		{443CB6ED-EFDF-4E8B-BDCE-0BE84AF08B81}.Release|Any CPU.Build.0 = Release|Any CPU
		{32103FB6-08EE-4138-B602-85F3D044CCBC}.Debug|Any CPU.ActiveCfg = Debug|Any CPU
		{32103FB6-08EE-4138-B602-85F3D044CCBC}.Debug|Any CPU.Build.0 = Debug|Any CPU
		{32103FB6-08EE-4138-B602-85F3D044CCBC}.Release|Any CPU.ActiveCfg = Release|Any CPU
		{32103FB6-08EE-4138-B602-85F3D044CCBC}.Release|Any CPU.Build.0 = Release|Any CPU
	EndGlobalSection
	GlobalSection(SolutionProperties) = preSolution
		HideSolutionNode = FALSE
	EndGlobalSection
	GlobalSection(ExtensibilityGlobals) = postSolution
		SolutionGuid = {ADE2435B-1100-4600-8FB0-56156F390D01}
	EndGlobalSection
EndGlobal
