
Microsoft Visual Studio Solution File, Format Version 12.00
# Visual Studio 15
VisualStudioVersion = 15.0.26730.16
MinimumVisualStudioVersion = 10.0.40219.1
Project("{2150E333-8FDC-42A3-9474-1A3956D46DE8}") = "Shared", "Shared", "{77D27D1C-4BFF-4CBC-8102-2B311548C1FE}"
EndProject
Project("{2150E333-8FDC-42A3-9474-1A3956D46DE8}") = "TheRack", "TheRack", "{77EA3D2C-6854-4A20-97B8-99D446962774}"
EndProject
Project("{2150E333-8FDC-42A3-9474-1A3956D46DE8}") = "DataLift", "DataLift", "{6CDB2177-EAA1-4F16-88C1-37B1F97EC4B5}"
EndProject
Project("{9A19103F-16F7-4668-BE54-9A1E7A4F7556}") = "BarNone.TheRack.Core", "TheRack\BarNone.TheRack.Core\BarNone.TheRack.Core.csproj", "{40F92FBA-9BAA-47EB-8238-E1250D4B0243}"
EndProject
Project("{9A19103F-16F7-4668-BE54-9A1E7A4F7556}") = "BarNone.TheRack.DataAccess", "TheRack\BarNone.TheRack.DataAccess\BarNone.TheRack.DataAccess.csproj", "{72F45CCD-8CA2-4673-B626-EE8909570760}"
EndProject
Project("{9A19103F-16F7-4668-BE54-9A1E7A4F7556}") = "BarNone.TheRack.DomainModel", "TheRack\BarNone.TheRack.DomainModel\BarNone.TheRack.DomainModel.csproj", "{A9B07C00-E658-45BC-A72E-015EB1AD0802}"
EndProject
Project("{9A19103F-16F7-4668-BE54-9A1E7A4F7556}") = "BarNone.Shared.DataTransfer", "Shared\BarNone.Shared.DataTransfer\BarNone.Shared.DataTransfer.csproj", "{DC7C09E7-27E2-496C-9823-F048BB031174}"
EndProject
Project("{9A19103F-16F7-4668-BE54-9A1E7A4F7556}") = "BarNone.TheRack.Demo", "TheRack\BarNone.TheRack.Demo\BarNone.TheRack.Demo.csproj", "{50D258F1-B4CE-4B9C-9831-A8CA423FC068}"
EndProject
Project("{9A19103F-16F7-4668-BE54-9A1E7A4F7556}") = "BarNone.TheRack.ResourceServer.API", "TheRack\BarNone.TheRack.ResourceServer.API\BarNone.TheRack.ResourceServer.API.csproj", "{794A8BDD-63C3-424C-97D6-8F22920E870B}"
EndProject
Project("{9A19103F-16F7-4668-BE54-9A1E7A4F7556}") = "BarNone.TheRack.Repository", "TheRack\BarNone.TheRack.Repository\BarNone.TheRack.Repository.csproj", "{9E957627-248A-4130-8D61-F65F6CB91745}"
EndProject
Project("{FAE04EC0-301F-11D3-BF4B-00C04F79EFBC}") = "BarNone.DataLift.UI", "DataLift\BarNone.DataLift.Application\BarNone.DataLift.UI.csproj", "{5ACBD133-8068-4F2B-B778-2121646935A7}"
EndProject
Project("{FAE04EC0-301F-11D3-BF4B-00C04F79EFBC}") = "BarNone.DataLift.DomainModel", "DataLift\BarNone.DataLift.DomainModel\BarNone.DataLift.DomainModel.csproj", "{707ADE0D-0C8D-4EDF-81B9-889B4538EFA1}"
EndProject
Project("{2150E333-8FDC-42A3-9474-1A3956D46DE8}") = "UnitTest", "UnitTest", "{A7F55B55-42CA-4F7C-B9DA-39AC14A8F8CC}"
EndProject
Project("{2150E333-8FDC-42A3-9474-1A3956D46DE8}") = "TheRack", "TheRack", "{0F3F877B-13EF-4922-82A1-BB049B638971}"
EndProject
Project("{9A19103F-16F7-4668-BE54-9A1E7A4F7556}") = "BarNone.UnitTest.TheRack.DomainModel", "UnitTest\TheRack\BarNone.UnitTest.TheRack.DomainModel\BarNone.UnitTest.TheRack.DomainModel.csproj", "{BFF61B6D-39EE-4FEF-922F-5C34AEF19EA4}"
EndProject
Project("{9A19103F-16F7-4668-BE54-9A1E7A4F7556}") = "BarNone.Shared.DomainModel", "Shared\BarNone.Shared.DomainModel\BarNone.Shared.DomainModel.csproj", "{EE13BDCE-8F4F-46C6-8E36-97EEDAF64F04}"
EndProject
Project("{FAE04EC0-301F-11D3-BF4B-00C04F79EFBC}") = "BarNone.DataLift.APIRequest", "DataLift\BarNone.DataLift.APIRequest\BarNone.DataLift.APIRequest.csproj", "{3A9BE071-8A01-47A8-85CC-A3F712D3C6A9}"
EndProject
Project("{9A19103F-16F7-4668-BE54-9A1E7A4F7556}") = "BarNone.Shared.Core", "Shared\BarNone.Shared.Core\BarNone.Shared.Core.csproj", "{1C1D8D67-DBAC-484B-8631-CD28AD0499F1}"
EndProject
Project("{FAE04EC0-301F-11D3-BF4B-00C04F79EFBC}") = "BarNone.DataLift.Demo", "DataLift\BarNone.DataLift.Demo\BarNone.DataLift.Demo.csproj", "{DF613C65-CF98-41A4-850B-7ED0457085A1}"
EndProject
Global
	GlobalSection(SolutionConfigurationPlatforms) = preSolution
		DataLift - Debug|Any CPU = DataLift - Debug|Any CPU
		Debug|Any CPU = Debug|Any CPU
		Release|Any CPU = Release|Any CPU
	EndGlobalSection
	GlobalSection(ProjectConfigurationPlatforms) = postSolution
		{40F92FBA-9BAA-47EB-8238-E1250D4B0243}.DataLift - Debug|Any CPU.ActiveCfg = DataLift - Debug|Any CPU
		{40F92FBA-9BAA-47EB-8238-E1250D4B0243}.Debug|Any CPU.ActiveCfg = Debug|Any CPU
		{40F92FBA-9BAA-47EB-8238-E1250D4B0243}.Debug|Any CPU.Build.0 = Debug|Any CPU
		{40F92FBA-9BAA-47EB-8238-E1250D4B0243}.Release|Any CPU.ActiveCfg = Release|Any CPU
		{40F92FBA-9BAA-47EB-8238-E1250D4B0243}.Release|Any CPU.Build.0 = Release|Any CPU
		{72F45CCD-8CA2-4673-B626-EE8909570760}.DataLift - Debug|Any CPU.ActiveCfg = DataLift - Debug|Any CPU
		{72F45CCD-8CA2-4673-B626-EE8909570760}.Debug|Any CPU.ActiveCfg = Debug|Any CPU
		{72F45CCD-8CA2-4673-B626-EE8909570760}.Debug|Any CPU.Build.0 = Debug|Any CPU
		{72F45CCD-8CA2-4673-B626-EE8909570760}.Release|Any CPU.ActiveCfg = Release|Any CPU
		{72F45CCD-8CA2-4673-B626-EE8909570760}.Release|Any CPU.Build.0 = Release|Any CPU
		{A9B07C00-E658-45BC-A72E-015EB1AD0802}.DataLift - Debug|Any CPU.ActiveCfg = DataLift - Debug|Any CPU
		{A9B07C00-E658-45BC-A72E-015EB1AD0802}.Debug|Any CPU.ActiveCfg = Debug|Any CPU
		{A9B07C00-E658-45BC-A72E-015EB1AD0802}.Debug|Any CPU.Build.0 = Debug|Any CPU
		{A9B07C00-E658-45BC-A72E-015EB1AD0802}.Release|Any CPU.ActiveCfg = Release|Any CPU
		{A9B07C00-E658-45BC-A72E-015EB1AD0802}.Release|Any CPU.Build.0 = Release|Any CPU
		{DC7C09E7-27E2-496C-9823-F048BB031174}.DataLift - Debug|Any CPU.ActiveCfg = DataLift - Debug|Any CPU
		{DC7C09E7-27E2-496C-9823-F048BB031174}.DataLift - Debug|Any CPU.Build.0 = DataLift - Debug|Any CPU
		{DC7C09E7-27E2-496C-9823-F048BB031174}.Debug|Any CPU.ActiveCfg = Debug|Any CPU
		{DC7C09E7-27E2-496C-9823-F048BB031174}.Debug|Any CPU.Build.0 = Debug|Any CPU
		{DC7C09E7-27E2-496C-9823-F048BB031174}.Release|Any CPU.ActiveCfg = Release|Any CPU
		{DC7C09E7-27E2-496C-9823-F048BB031174}.Release|Any CPU.Build.0 = Release|Any CPU
		{50D258F1-B4CE-4B9C-9831-A8CA423FC068}.DataLift - Debug|Any CPU.ActiveCfg = DataLift - Debug|Any CPU
		{50D258F1-B4CE-4B9C-9831-A8CA423FC068}.Debug|Any CPU.ActiveCfg = Debug|Any CPU
		{50D258F1-B4CE-4B9C-9831-A8CA423FC068}.Debug|Any CPU.Build.0 = Debug|Any CPU
		{50D258F1-B4CE-4B9C-9831-A8CA423FC068}.Release|Any CPU.ActiveCfg = Release|Any CPU
		{50D258F1-B4CE-4B9C-9831-A8CA423FC068}.Release|Any CPU.Build.0 = Release|Any CPU
		{794A8BDD-63C3-424C-97D6-8F22920E870B}.DataLift - Debug|Any CPU.ActiveCfg = DataLift - Debug|Any CPU
		{794A8BDD-63C3-424C-97D6-8F22920E870B}.Debug|Any CPU.ActiveCfg = Debug|Any CPU
		{794A8BDD-63C3-424C-97D6-8F22920E870B}.Debug|Any CPU.Build.0 = Debug|Any CPU
		{794A8BDD-63C3-424C-97D6-8F22920E870B}.Release|Any CPU.ActiveCfg = Release|Any CPU
		{794A8BDD-63C3-424C-97D6-8F22920E870B}.Release|Any CPU.Build.0 = Release|Any CPU
		{9E957627-248A-4130-8D61-F65F6CB91745}.DataLift - Debug|Any CPU.ActiveCfg = DataLift - Debug|Any CPU
		{9E957627-248A-4130-8D61-F65F6CB91745}.Debug|Any CPU.ActiveCfg = Debug|Any CPU
		{9E957627-248A-4130-8D61-F65F6CB91745}.Debug|Any CPU.Build.0 = Debug|Any CPU
		{9E957627-248A-4130-8D61-F65F6CB91745}.Release|Any CPU.ActiveCfg = Release|Any CPU
		{9E957627-248A-4130-8D61-F65F6CB91745}.Release|Any CPU.Build.0 = Release|Any CPU
		{5ACBD133-8068-4F2B-B778-2121646935A7}.DataLift - Debug|Any CPU.ActiveCfg = DataLift - Debug|Any CPU
		{5ACBD133-8068-4F2B-B778-2121646935A7}.DataLift - Debug|Any CPU.Build.0 = DataLift - Debug|Any CPU
		{5ACBD133-8068-4F2B-B778-2121646935A7}.Debug|Any CPU.ActiveCfg = Debug|Any CPU
		{5ACBD133-8068-4F2B-B778-2121646935A7}.Debug|Any CPU.Build.0 = Debug|Any CPU
		{5ACBD133-8068-4F2B-B778-2121646935A7}.Release|Any CPU.ActiveCfg = Release|Any CPU
		{5ACBD133-8068-4F2B-B778-2121646935A7}.Release|Any CPU.Build.0 = Release|Any CPU
		{707ADE0D-0C8D-4EDF-81B9-889B4538EFA1}.DataLift - Debug|Any CPU.ActiveCfg = DataLift - Debug|Any CPU
		{707ADE0D-0C8D-4EDF-81B9-889B4538EFA1}.DataLift - Debug|Any CPU.Build.0 = DataLift - Debug|Any CPU
		{707ADE0D-0C8D-4EDF-81B9-889B4538EFA1}.Debug|Any CPU.ActiveCfg = Debug|Any CPU
		{707ADE0D-0C8D-4EDF-81B9-889B4538EFA1}.Debug|Any CPU.Build.0 = Debug|Any CPU
		{707ADE0D-0C8D-4EDF-81B9-889B4538EFA1}.Release|Any CPU.ActiveCfg = Release|Any CPU
		{707ADE0D-0C8D-4EDF-81B9-889B4538EFA1}.Release|Any CPU.Build.0 = Release|Any CPU
		{BFF61B6D-39EE-4FEF-922F-5C34AEF19EA4}.DataLift - Debug|Any CPU.ActiveCfg = Debug|Any CPU
		{BFF61B6D-39EE-4FEF-922F-5C34AEF19EA4}.DataLift - Debug|Any CPU.Build.0 = Debug|Any CPU
		{BFF61B6D-39EE-4FEF-922F-5C34AEF19EA4}.Debug|Any CPU.ActiveCfg = Debug|Any CPU
		{BFF61B6D-39EE-4FEF-922F-5C34AEF19EA4}.Debug|Any CPU.Build.0 = Debug|Any CPU
		{BFF61B6D-39EE-4FEF-922F-5C34AEF19EA4}.Release|Any CPU.ActiveCfg = Release|Any CPU
		{BFF61B6D-39EE-4FEF-922F-5C34AEF19EA4}.Release|Any CPU.Build.0 = Release|Any CPU
		{EE13BDCE-8F4F-46C6-8E36-97EEDAF64F04}.DataLift - Debug|Any CPU.ActiveCfg = Debug|Any CPU
		{EE13BDCE-8F4F-46C6-8E36-97EEDAF64F04}.DataLift - Debug|Any CPU.Build.0 = Debug|Any CPU
		{EE13BDCE-8F4F-46C6-8E36-97EEDAF64F04}.Debug|Any CPU.ActiveCfg = Debug|Any CPU
		{EE13BDCE-8F4F-46C6-8E36-97EEDAF64F04}.Debug|Any CPU.Build.0 = Debug|Any CPU
		{EE13BDCE-8F4F-46C6-8E36-97EEDAF64F04}.Release|Any CPU.ActiveCfg = Release|Any CPU
		{EE13BDCE-8F4F-46C6-8E36-97EEDAF64F04}.Release|Any CPU.Build.0 = Release|Any CPU
		{3A9BE071-8A01-47A8-85CC-A3F712D3C6A9}.DataLift - Debug|Any CPU.ActiveCfg = Debug|Any CPU
		{3A9BE071-8A01-47A8-85CC-A3F712D3C6A9}.DataLift - Debug|Any CPU.Build.0 = Debug|Any CPU
		{3A9BE071-8A01-47A8-85CC-A3F712D3C6A9}.Debug|Any CPU.ActiveCfg = Debug|Any CPU
		{3A9BE071-8A01-47A8-85CC-A3F712D3C6A9}.Debug|Any CPU.Build.0 = Debug|Any CPU
		{3A9BE071-8A01-47A8-85CC-A3F712D3C6A9}.Release|Any CPU.ActiveCfg = Release|Any CPU
		{3A9BE071-8A01-47A8-85CC-A3F712D3C6A9}.Release|Any CPU.Build.0 = Release|Any CPU
		{1C1D8D67-DBAC-484B-8631-CD28AD0499F1}.DataLift - Debug|Any CPU.ActiveCfg = Debug|Any CPU
		{1C1D8D67-DBAC-484B-8631-CD28AD0499F1}.DataLift - Debug|Any CPU.Build.0 = Debug|Any CPU
		{1C1D8D67-DBAC-484B-8631-CD28AD0499F1}.Debug|Any CPU.ActiveCfg = Debug|Any CPU
		{1C1D8D67-DBAC-484B-8631-CD28AD0499F1}.Debug|Any CPU.Build.0 = Debug|Any CPU
		{1C1D8D67-DBAC-484B-8631-CD28AD0499F1}.Release|Any CPU.ActiveCfg = Release|Any CPU
		{1C1D8D67-DBAC-484B-8631-CD28AD0499F1}.Release|Any CPU.Build.0 = Release|Any CPU
		{DF613C65-CF98-41A4-850B-7ED0457085A1}.DataLift - Debug|Any CPU.ActiveCfg = Debug|Any CPU
		{DF613C65-CF98-41A4-850B-7ED0457085A1}.DataLift - Debug|Any CPU.Build.0 = Debug|Any CPU
		{DF613C65-CF98-41A4-850B-7ED0457085A1}.Debug|Any CPU.ActiveCfg = Debug|Any CPU
		{DF613C65-CF98-41A4-850B-7ED0457085A1}.Debug|Any CPU.Build.0 = Debug|Any CPU
		{DF613C65-CF98-41A4-850B-7ED0457085A1}.Release|Any CPU.ActiveCfg = Release|Any CPU
		{DF613C65-CF98-41A4-850B-7ED0457085A1}.Release|Any CPU.Build.0 = Release|Any CPU
	EndGlobalSection
	GlobalSection(SolutionProperties) = preSolution
		HideSolutionNode = FALSE
	EndGlobalSection
	GlobalSection(NestedProjects) = preSolution
		{40F92FBA-9BAA-47EB-8238-E1250D4B0243} = {77EA3D2C-6854-4A20-97B8-99D446962774}
		{72F45CCD-8CA2-4673-B626-EE8909570760} = {77EA3D2C-6854-4A20-97B8-99D446962774}
		{A9B07C00-E658-45BC-A72E-015EB1AD0802} = {77EA3D2C-6854-4A20-97B8-99D446962774}
		{DC7C09E7-27E2-496C-9823-F048BB031174} = {77D27D1C-4BFF-4CBC-8102-2B311548C1FE}
		{50D258F1-B4CE-4B9C-9831-A8CA423FC068} = {77EA3D2C-6854-4A20-97B8-99D446962774}
		{794A8BDD-63C3-424C-97D6-8F22920E870B} = {77EA3D2C-6854-4A20-97B8-99D446962774}
		{9E957627-248A-4130-8D61-F65F6CB91745} = {77EA3D2C-6854-4A20-97B8-99D446962774}
		{5ACBD133-8068-4F2B-B778-2121646935A7} = {6CDB2177-EAA1-4F16-88C1-37B1F97EC4B5}
		{707ADE0D-0C8D-4EDF-81B9-889B4538EFA1} = {6CDB2177-EAA1-4F16-88C1-37B1F97EC4B5}
		{0F3F877B-13EF-4922-82A1-BB049B638971} = {A7F55B55-42CA-4F7C-B9DA-39AC14A8F8CC}
		{BFF61B6D-39EE-4FEF-922F-5C34AEF19EA4} = {0F3F877B-13EF-4922-82A1-BB049B638971}
		{EE13BDCE-8F4F-46C6-8E36-97EEDAF64F04} = {77D27D1C-4BFF-4CBC-8102-2B311548C1FE}
		{3A9BE071-8A01-47A8-85CC-A3F712D3C6A9} = {6CDB2177-EAA1-4F16-88C1-37B1F97EC4B5}
		{1C1D8D67-DBAC-484B-8631-CD28AD0499F1} = {77D27D1C-4BFF-4CBC-8102-2B311548C1FE}
		{DF613C65-CF98-41A4-850B-7ED0457085A1} = {6CDB2177-EAA1-4F16-88C1-37B1F97EC4B5}
	EndGlobalSection
	GlobalSection(ExtensibilityGlobals) = postSolution
		SolutionGuid = {BBD0D095-9433-4102-B857-FD70440F37D3}
	EndGlobalSection
EndGlobal
