
Microsoft Visual Studio Solution File, Format Version 12.00
# Visual Studio 15
VisualStudioVersion = 15.0.26730.16
MinimumVisualStudioVersion = 10.0.40219.1
Project("{2150E333-8FDC-42A3-9474-1A3956D46DE8}") = "Shared", "Shared", "{77D27D1C-4BFF-4CBC-8102-2B311548C1FE}"
EndProject
Project("{2150E333-8FDC-42A3-9474-1A3956D46DE8}") = "TheRack", "TheRack", "{77EA3D2C-6854-4A20-97B8-99D446962774}"
EndProject
Project("{2150E333-8FDC-42A3-9474-1A3956D46DE8}") = "DataLift", "DataLift", "{6CDB2177-EAA1-4F16-88C1-37B1F97EC4B5}"
EndProject
Project("{9A19103F-16F7-4668-BE54-9A1E7A4F7556}") = "BarNone.Shared.DataTransfer", "Shared\BarNone.Shared.DataTransfer\BarNone.Shared.DataTransfer.csproj", "{115856E3-7BF1-4420-ABAE-63B66642280C}"
EndProject
Project("{FAE04EC0-301F-11D3-BF4B-00C04F79EFBC}") = "BarNone.DataLift.Demo", "DataLift\BarNone.DataLift.Demo\BarNone.DataLift.Demo.csproj", "{4AE75F2E-DB82-47B2-B494-13479320EB20}"
EndProject
Project("{FAE04EC0-301F-11D3-BF4B-00C04F79EFBC}") = "BarNone.TheRack.ResourceServer.API", "TheRack\BarNone.TheRack.ResourceServer.API\BarNone.TheRack.ResourceServer.API.csproj", "{0EF0BDD3-4884-41B4-AC43-D6AB36CB14F2}"
EndProject
Project("{FAE04EC0-301F-11D3-BF4B-00C04F79EFBC}") = "BarNone.TheRack.Core", "TheRack\BarNone.TheRack.Core\BarNone.TheRack.Core.csproj", "{40F92FBA-9BAA-47EB-8238-E1250D4B0243}"
EndProject
Project("{FAE04EC0-301F-11D3-BF4B-00C04F79EFBC}") = "BarNone.TheRack.DataAccess", "TheRack\BarNone.TheRack.DataAccess\BarNone.TheRack.DataAccess.csproj", "{72F45CCD-8CA2-4673-B626-EE8909570760}"
EndProject
Project("{FAE04EC0-301F-11D3-BF4B-00C04F79EFBC}") = "BarNone.TheRack.DataAdapter", "TheRack\BarNone.TheRack.DataAdapter\BarNone.TheRack.DataAdapter.csproj", "{B92C886F-37EB-4452-BE6E-A1466AF35202}"
EndProject
Project("{FAE04EC0-301F-11D3-BF4B-00C04F79EFBC}") = "BarNone.TheRack.DomainModel", "TheRack\BarNone.TheRack.DomainModel\BarNone.TheRack.DomainModel.csproj", "{A9B07C00-E658-45BC-A72E-015EB1AD0802}"
EndProject
Project("{FAE04EC0-301F-11D3-BF4B-00C04F79EFBC}") = "BarNone.TheRack.Repository", "TheRack\BarNone.TheRack.Repository\BarNone.TheRack.Repository.csproj", "{0AD3C74A-7CEF-4DB0-B871-404E525F254C}"
EndProject
Global
	GlobalSection(SolutionConfigurationPlatforms) = preSolution
		Debug|Any CPU = Debug|Any CPU
		Release|Any CPU = Release|Any CPU
	EndGlobalSection
	GlobalSection(ProjectConfigurationPlatforms) = postSolution
		{115856E3-7BF1-4420-ABAE-63B66642280C}.Debug|Any CPU.ActiveCfg = Debug|Any CPU
		{115856E3-7BF1-4420-ABAE-63B66642280C}.Debug|Any CPU.Build.0 = Debug|Any CPU
		{115856E3-7BF1-4420-ABAE-63B66642280C}.Release|Any CPU.ActiveCfg = Release|Any CPU
		{115856E3-7BF1-4420-ABAE-63B66642280C}.Release|Any CPU.Build.0 = Release|Any CPU
		{4AE75F2E-DB82-47B2-B494-13479320EB20}.Debug|Any CPU.ActiveCfg = Debug|Any CPU
		{4AE75F2E-DB82-47B2-B494-13479320EB20}.Debug|Any CPU.Build.0 = Debug|Any CPU
		{4AE75F2E-DB82-47B2-B494-13479320EB20}.Release|Any CPU.ActiveCfg = Release|Any CPU
		{4AE75F2E-DB82-47B2-B494-13479320EB20}.Release|Any CPU.Build.0 = Release|Any CPU
		{0EF0BDD3-4884-41B4-AC43-D6AB36CB14F2}.Debug|Any CPU.ActiveCfg = Debug|Any CPU
		{0EF0BDD3-4884-41B4-AC43-D6AB36CB14F2}.Debug|Any CPU.Build.0 = Debug|Any CPU
		{0EF0BDD3-4884-41B4-AC43-D6AB36CB14F2}.Release|Any CPU.ActiveCfg = Release|Any CPU
		{0EF0BDD3-4884-41B4-AC43-D6AB36CB14F2}.Release|Any CPU.Build.0 = Release|Any CPU
		{40F92FBA-9BAA-47EB-8238-E1250D4B0243}.Debug|Any CPU.ActiveCfg = Debug|Any CPU
		{40F92FBA-9BAA-47EB-8238-E1250D4B0243}.Debug|Any CPU.Build.0 = Debug|Any CPU
		{40F92FBA-9BAA-47EB-8238-E1250D4B0243}.Release|Any CPU.ActiveCfg = Release|Any CPU
		{40F92FBA-9BAA-47EB-8238-E1250D4B0243}.Release|Any CPU.Build.0 = Release|Any CPU
		{72F45CCD-8CA2-4673-B626-EE8909570760}.Debug|Any CPU.ActiveCfg = Debug|Any CPU
		{72F45CCD-8CA2-4673-B626-EE8909570760}.Debug|Any CPU.Build.0 = Debug|Any CPU
		{72F45CCD-8CA2-4673-B626-EE8909570760}.Release|Any CPU.ActiveCfg = Release|Any CPU
		{72F45CCD-8CA2-4673-B626-EE8909570760}.Release|Any CPU.Build.0 = Release|Any CPU
		{B92C886F-37EB-4452-BE6E-A1466AF35202}.Debug|Any CPU.ActiveCfg = Debug|Any CPU
		{B92C886F-37EB-4452-BE6E-A1466AF35202}.Debug|Any CPU.Build.0 = Debug|Any CPU
		{B92C886F-37EB-4452-BE6E-A1466AF35202}.Release|Any CPU.ActiveCfg = Release|Any CPU
		{B92C886F-37EB-4452-BE6E-A1466AF35202}.Release|Any CPU.Build.0 = Release|Any CPU
		{A9B07C00-E658-45BC-A72E-015EB1AD0802}.Debug|Any CPU.ActiveCfg = Debug|Any CPU
		{A9B07C00-E658-45BC-A72E-015EB1AD0802}.Debug|Any CPU.Build.0 = Debug|Any CPU
		{A9B07C00-E658-45BC-A72E-015EB1AD0802}.Release|Any CPU.ActiveCfg = Release|Any CPU
		{A9B07C00-E658-45BC-A72E-015EB1AD0802}.Release|Any CPU.Build.0 = Release|Any CPU
		{0AD3C74A-7CEF-4DB0-B871-404E525F254C}.Debug|Any CPU.ActiveCfg = Debug|Any CPU
		{0AD3C74A-7CEF-4DB0-B871-404E525F254C}.Debug|Any CPU.Build.0 = Debug|Any CPU
		{0AD3C74A-7CEF-4DB0-B871-404E525F254C}.Release|Any CPU.ActiveCfg = Release|Any CPU
		{0AD3C74A-7CEF-4DB0-B871-404E525F254C}.Release|Any CPU.Build.0 = Release|Any CPU
	EndGlobalSection
	GlobalSection(SolutionProperties) = preSolution
		HideSolutionNode = FALSE
	EndGlobalSection
	GlobalSection(NestedProjects) = preSolution
		{115856E3-7BF1-4420-ABAE-63B66642280C} = {77D27D1C-4BFF-4CBC-8102-2B311548C1FE}
		{4AE75F2E-DB82-47B2-B494-13479320EB20} = {6CDB2177-EAA1-4F16-88C1-37B1F97EC4B5}
		{0EF0BDD3-4884-41B4-AC43-D6AB36CB14F2} = {77EA3D2C-6854-4A20-97B8-99D446962774}
		{40F92FBA-9BAA-47EB-8238-E1250D4B0243} = {77EA3D2C-6854-4A20-97B8-99D446962774}
		{72F45CCD-8CA2-4673-B626-EE8909570760} = {77EA3D2C-6854-4A20-97B8-99D446962774}
		{B92C886F-37EB-4452-BE6E-A1466AF35202} = {77EA3D2C-6854-4A20-97B8-99D446962774}
		{A9B07C00-E658-45BC-A72E-015EB1AD0802} = {77EA3D2C-6854-4A20-97B8-99D446962774}
		{0AD3C74A-7CEF-4DB0-B871-404E525F254C} = {77EA3D2C-6854-4A20-97B8-99D446962774}
	EndGlobalSection
	GlobalSection(ExtensibilityGlobals) = postSolution
		SolutionGuid = {BBD0D095-9433-4102-B857-FD70440F37D3}
	EndGlobalSection
EndGlobal
